
Microsoft Visual Studio Solution File, Format Version 12.00
# Visual Studio Version 17
VisualStudioVersion = 17.5.002.0
MinimumVisualStudioVersion = 10.0.40219.1
Project("{9A19103F-16F7-4668-BE54-9A1E7A4F7556}") = "Calctest", "Calctest.csproj", "{428C7E1F-A87D-402A-A7CC-D83E07385D26}"
EndProject
Global
	GlobalSection(SolutionConfigurationPlatforms) = preSolution
		Debug|Any CPU = Debug|Any CPU
		Release|Any CPU = Release|Any CPU
	EndGlobalSection
	GlobalSection(ProjectConfigurationPlatforms) = postSolution
		{428C7E1F-A87D-402A-A7CC-D83E07385D26}.Debug|Any CPU.ActiveCfg = Debug|Any CPU
		{428C7E1F-A87D-402A-A7CC-D83E07385D26}.Debug|Any CPU.Build.0 = Debug|Any CPU
		{428C7E1F-A87D-402A-A7CC-D83E07385D26}.Release|Any CPU.ActiveCfg = Release|Any CPU
		{428C7E1F-A87D-402A-A7CC-D83E07385D26}.Release|Any CPU.Build.0 = Release|Any CPU
	EndGlobalSection
	GlobalSection(SolutionProperties) = preSolution
		HideSolutionNode = FALSE
	EndGlobalSection
	GlobalSection(ExtensibilityGlobals) = postSolution
		SolutionGuid = {7FAB8E70-97B9-4EEE-8BB6-E82C407AA45A}
	EndGlobalSection
EndGlobal
